// !$*UTF8*$!
{
	archiveVersion = 1;
	classes = {
	};
	objectVersion = 46;
	objects = {

/* Begin PBXBuildFile section */
		3102F4FB66383BFC5386B432 /* Pods_Bradley.framework in Frameworks */ = {isa = PBXBuildFile; fileRef = 48A49C7A6EA48FD70B9A79C2 /* Pods_Bradley.framework */; };
		57166E4F1EEBF6E9005B9803 /* DirtyVC.swift in Sources */ = {isa = PBXBuildFile; fileRef = 57166E4E1EEBF6E8005B9803 /* DirtyVC.swift */; };
		57166E511EEBFD21005B9803 /* DCEll.swift in Sources */ = {isa = PBXBuildFile; fileRef = 57166E501EEBFD21005B9803 /* DCEll.swift */; };
		57166E531EED4B6B005B9803 /* ComVC.swift in Sources */ = {isa = PBXBuildFile; fileRef = 57166E521EED4B6B005B9803 /* ComVC.swift */; };
		57166E551EED4DB0005B9803 /* ComCell.swift in Sources */ = {isa = PBXBuildFile; fileRef = 57166E541EED4DB0005B9803 /* ComCell.swift */; };
		57166E571EEE84C3005B9803 /* ProfileVC.swift in Sources */ = {isa = PBXBuildFile; fileRef = 57166E561EEE84C3005B9803 /* ProfileVC.swift */; };
		57166E591EEEBFA9005B9803 /* CollCell.swift in Sources */ = {isa = PBXBuildFile; fileRef = 57166E581EEEBFA9005B9803 /* CollCell.swift */; };
		57166E5B1EEF014E005B9803 /* AddVC.swift in Sources */ = {isa = PBXBuildFile; fileRef = 57166E5A1EEF014E005B9803 /* AddVC.swift */; };
		5796E30C1EEB6B93005E4207 /* AppDelegate.swift in Sources */ = {isa = PBXBuildFile; fileRef = 5796E30B1EEB6B93005E4207 /* AppDelegate.swift */; };
		5796E30E1EEB6B93005E4207 /* ViewController.swift in Sources */ = {isa = PBXBuildFile; fileRef = 5796E30D1EEB6B93005E4207 /* ViewController.swift */; };
		5796E3111EEB6B94005E4207 /* Main.storyboard in Resources */ = {isa = PBXBuildFile; fileRef = 5796E30F1EEB6B94005E4207 /* Main.storyboard */; };
		5796E3131EEB6B94005E4207 /* Assets.xcassets in Resources */ = {isa = PBXBuildFile; fileRef = 5796E3121EEB6B94005E4207 /* Assets.xcassets */; };
		5796E3161EEB6B94005E4207 /* LaunchScreen.storyboard in Resources */ = {isa = PBXBuildFile; fileRef = 5796E3141EEB6B94005E4207 /* LaunchScreen.storyboard */; };
		5796E3211EEB6B95005E4207 /* BradleyTests.swift in Sources */ = {isa = PBXBuildFile; fileRef = 5796E3201EEB6B95005E4207 /* BradleyTests.swift */; };
		5796E32C1EEB6B95005E4207 /* BradleyUITests.swift in Sources */ = {isa = PBXBuildFile; fileRef = 5796E32B1EEB6B95005E4207 /* BradleyUITests.swift */; };
		5796E33A1EEB6CA1005E4207 /* ExtraBradleys.swift in Sources */ = {isa = PBXBuildFile; fileRef = 5796E3391EEB6CA0005E4207 /* ExtraBradleys.swift */; };
		5796E33C1EEB6CE9005E4207 /* BradleyVC.swift in Sources */ = {isa = PBXBuildFile; fileRef = 5796E33B1EEB6CE9005E4207 /* BradleyVC.swift */; };
		5796E33E1EEB76C2005E4207 /* CellBrad.swift in Sources */ = {isa = PBXBuildFile; fileRef = 5796E33D1EEB76C2005E4207 /* CellBrad.swift */; };
		82B3A572EA40A07F78C28751 /* Pods_BradleyUITests.framework in Frameworks */ = {isa = PBXBuildFile; fileRef = C330279502017E122EAD3738 /* Pods_BradleyUITests.framework */; };
		F20D795421BDDC84B30BAA6C /* Pods_BradleyTests.framework in Frameworks */ = {isa = PBXBuildFile; fileRef = E62BBA7A71795005DCE17D02 /* Pods_BradleyTests.framework */; };
/* End PBXBuildFile section */

/* Begin PBXContainerItemProxy section */
		5796E31D1EEB6B95005E4207 /* PBXContainerItemProxy */ = {
			isa = PBXContainerItemProxy;
			containerPortal = 5796E3001EEB6B93005E4207 /* Project object */;
			proxyType = 1;
			remoteGlobalIDString = 5796E3071EEB6B93005E4207;
			remoteInfo = Bradley;
		};
		5796E3281EEB6B95005E4207 /* PBXContainerItemProxy */ = {
			isa = PBXContainerItemProxy;
			containerPortal = 5796E3001EEB6B93005E4207 /* Project object */;
			proxyType = 1;
			remoteGlobalIDString = 5796E3071EEB6B93005E4207;
			remoteInfo = Bradley;
		};
/* End PBXContainerItemProxy section */

/* Begin PBXFileReference section */
		11E36FE4211FF67136894964 /* Pods-BradleyTests.debug.xcconfig */ = {isa = PBXFileReference; includeInIndex = 1; lastKnownFileType = text.xcconfig; name = "Pods-BradleyTests.debug.xcconfig"; path = "Pods/Target Support Files/Pods-BradleyTests/Pods-BradleyTests.debug.xcconfig"; sourceTree = "<group>"; };
		48A49C7A6EA48FD70B9A79C2 /* Pods_Bradley.framework */ = {isa = PBXFileReference; explicitFileType = wrapper.framework; includeInIndex = 0; path = Pods_Bradley.framework; sourceTree = BUILT_PRODUCTS_DIR; };
		51539A056995F6859FC6F5B9 /* Pods-BradleyTests.release.xcconfig */ = {isa = PBXFileReference; includeInIndex = 1; lastKnownFileType = text.xcconfig; name = "Pods-BradleyTests.release.xcconfig"; path = "Pods/Target Support Files/Pods-BradleyTests/Pods-BradleyTests.release.xcconfig"; sourceTree = "<group>"; };
		57166E4E1EEBF6E8005B9803 /* DirtyVC.swift */ = {isa = PBXFileReference; fileEncoding = 4; lastKnownFileType = sourcecode.swift; path = DirtyVC.swift; sourceTree = "<group>"; };
		57166E501EEBFD21005B9803 /* DCEll.swift */ = {isa = PBXFileReference; fileEncoding = 4; lastKnownFileType = sourcecode.swift; path = DCEll.swift; sourceTree = "<group>"; };
		57166E521EED4B6B005B9803 /* ComVC.swift */ = {isa = PBXFileReference; fileEncoding = 4; lastKnownFileType = sourcecode.swift; path = ComVC.swift; sourceTree = "<group>"; };
		57166E541EED4DB0005B9803 /* ComCell.swift */ = {isa = PBXFileReference; fileEncoding = 4; lastKnownFileType = sourcecode.swift; path = ComCell.swift; sourceTree = "<group>"; };
		57166E561EEE84C3005B9803 /* ProfileVC.swift */ = {isa = PBXFileReference; fileEncoding = 4; lastKnownFileType = sourcecode.swift; path = ProfileVC.swift; sourceTree = "<group>"; };
		57166E581EEEBFA9005B9803 /* CollCell.swift */ = {isa = PBXFileReference; fileEncoding = 4; lastKnownFileType = sourcecode.swift; path = CollCell.swift; sourceTree = "<group>"; };
		57166E5A1EEF014E005B9803 /* AddVC.swift */ = {isa = PBXFileReference; fileEncoding = 4; lastKnownFileType = sourcecode.swift; path = AddVC.swift; sourceTree = "<group>"; };
		5796E3081EEB6B93005E4207 /* Traveliqy.app */ = {isa = PBXFileReference; explicitFileType = wrapper.application; includeInIndex = 0; path = Traveliqy.app; sourceTree = BUILT_PRODUCTS_DIR; };
		5796E30B1EEB6B93005E4207 /* AppDelegate.swift */ = {isa = PBXFileReference; lastKnownFileType = sourcecode.swift; path = AppDelegate.swift; sourceTree = "<group>"; };
		5796E30D1EEB6B93005E4207 /* ViewController.swift */ = {isa = PBXFileReference; lastKnownFileType = sourcecode.swift; path = ViewController.swift; sourceTree = "<group>"; };
		5796E3101EEB6B94005E4207 /* Base */ = {isa = PBXFileReference; lastKnownFileType = file.storyboard; name = Base; path = Base.lproj/Main.storyboard; sourceTree = "<group>"; };
		5796E3121EEB6B94005E4207 /* Assets.xcassets */ = {isa = PBXFileReference; lastKnownFileType = folder.assetcatalog; path = Assets.xcassets; sourceTree = "<group>"; };
		5796E3151EEB6B94005E4207 /* Base */ = {isa = PBXFileReference; lastKnownFileType = file.storyboard; name = Base; path = Base.lproj/LaunchScreen.storyboard; sourceTree = "<group>"; };
		5796E3171EEB6B94005E4207 /* Info.plist */ = {isa = PBXFileReference; lastKnownFileType = text.plist.xml; path = Info.plist; sourceTree = "<group>"; };
		5796E31C1EEB6B94005E4207 /* BradleyTests.xctest */ = {isa = PBXFileReference; explicitFileType = wrapper.cfbundle; includeInIndex = 0; path = BradleyTests.xctest; sourceTree = BUILT_PRODUCTS_DIR; };
		5796E3201EEB6B95005E4207 /* BradleyTests.swift */ = {isa = PBXFileReference; lastKnownFileType = sourcecode.swift; path = BradleyTests.swift; sourceTree = "<group>"; };
		5796E3221EEB6B95005E4207 /* Info.plist */ = {isa = PBXFileReference; lastKnownFileType = text.plist.xml; path = Info.plist; sourceTree = "<group>"; };
		5796E3271EEB6B95005E4207 /* BradleyUITests.xctest */ = {isa = PBXFileReference; explicitFileType = wrapper.cfbundle; includeInIndex = 0; path = BradleyUITests.xctest; sourceTree = BUILT_PRODUCTS_DIR; };
		5796E32B1EEB6B95005E4207 /* BradleyUITests.swift */ = {isa = PBXFileReference; lastKnownFileType = sourcecode.swift; path = BradleyUITests.swift; sourceTree = "<group>"; };
		5796E32D1EEB6B95005E4207 /* Info.plist */ = {isa = PBXFileReference; lastKnownFileType = text.plist.xml; path = Info.plist; sourceTree = "<group>"; };
		5796E3391EEB6CA0005E4207 /* ExtraBradleys.swift */ = {isa = PBXFileReference; fileEncoding = 4; lastKnownFileType = sourcecode.swift; path = ExtraBradleys.swift; sourceTree = "<group>"; };
		5796E33B1EEB6CE9005E4207 /* BradleyVC.swift */ = {isa = PBXFileReference; fileEncoding = 4; lastKnownFileType = sourcecode.swift; path = BradleyVC.swift; sourceTree = "<group>"; };
		5796E33D1EEB76C2005E4207 /* CellBrad.swift */ = {isa = PBXFileReference; fileEncoding = 4; lastKnownFileType = sourcecode.swift; path = CellBrad.swift; sourceTree = "<group>"; };
		6500B5E756CBB015CA6726B0 /* Pods-BradleyUITests.debug.xcconfig */ = {isa = PBXFileReference; includeInIndex = 1; lastKnownFileType = text.xcconfig; name = "Pods-BradleyUITests.debug.xcconfig"; path = "Pods/Target Support Files/Pods-BradleyUITests/Pods-BradleyUITests.debug.xcconfig"; sourceTree = "<group>"; };
		AF1A10AEBF2D7EE18AB1BFDD /* Pods-Bradley.release.xcconfig */ = {isa = PBXFileReference; includeInIndex = 1; lastKnownFileType = text.xcconfig; name = "Pods-Bradley.release.xcconfig"; path = "Pods/Target Support Files/Pods-Bradley/Pods-Bradley.release.xcconfig"; sourceTree = "<group>"; };
		C330279502017E122EAD3738 /* Pods_BradleyUITests.framework */ = {isa = PBXFileReference; explicitFileType = wrapper.framework; includeInIndex = 0; path = Pods_BradleyUITests.framework; sourceTree = BUILT_PRODUCTS_DIR; };
		D230A624EB0A57BEBC4067C6 /* Pods-BradleyUITests.release.xcconfig */ = {isa = PBXFileReference; includeInIndex = 1; lastKnownFileType = text.xcconfig; name = "Pods-BradleyUITests.release.xcconfig"; path = "Pods/Target Support Files/Pods-BradleyUITests/Pods-BradleyUITests.release.xcconfig"; sourceTree = "<group>"; };
		E62BBA7A71795005DCE17D02 /* Pods_BradleyTests.framework */ = {isa = PBXFileReference; explicitFileType = wrapper.framework; includeInIndex = 0; path = Pods_BradleyTests.framework; sourceTree = BUILT_PRODUCTS_DIR; };
		EF577201A776DEA99AF5A611 /* Pods-Bradley.debug.xcconfig */ = {isa = PBXFileReference; includeInIndex = 1; lastKnownFileType = text.xcconfig; name = "Pods-Bradley.debug.xcconfig"; path = "Pods/Target Support Files/Pods-Bradley/Pods-Bradley.debug.xcconfig"; sourceTree = "<group>"; };
/* End PBXFileReference section */

/* Begin PBXFrameworksBuildPhase section */
		5796E3051EEB6B93005E4207 /* Frameworks */ = {
			isa = PBXFrameworksBuildPhase;
			buildActionMask = 2147483647;
			files = (
				3102F4FB66383BFC5386B432 /* Pods_Bradley.framework in Frameworks */,
			);
			runOnlyForDeploymentPostprocessing = 0;
		};
		5796E3191EEB6B94005E4207 /* Frameworks */ = {
			isa = PBXFrameworksBuildPhase;
			buildActionMask = 2147483647;
			files = (
				F20D795421BDDC84B30BAA6C /* Pods_BradleyTests.framework in Frameworks */,
			);
			runOnlyForDeploymentPostprocessing = 0;
		};
		5796E3241EEB6B95005E4207 /* Frameworks */ = {
			isa = PBXFrameworksBuildPhase;
			buildActionMask = 2147483647;
			files = (
				82B3A572EA40A07F78C28751 /* Pods_BradleyUITests.framework in Frameworks */,
			);
			runOnlyForDeploymentPostprocessing = 0;
		};
/* End PBXFrameworksBuildPhase section */

/* Begin PBXGroup section */
		5796E2FF1EEB6B92005E4207 = {
			isa = PBXGroup;
			children = (
				5796E30A1EEB6B93005E4207 /* Bradley */,
				5796E31F1EEB6B95005E4207 /* BradleyTests */,
				5796E32A1EEB6B95005E4207 /* BradleyUITests */,
				5796E3091EEB6B93005E4207 /* Products */,
				5B4933853BBE73EF573EB815 /* Pods */,
				FD8162FF346A9FA381B0BD0A /* Frameworks */,
			);
			sourceTree = "<group>";
		};
		5796E3091EEB6B93005E4207 /* Products */ = {
			isa = PBXGroup;
			children = (
				5796E3081EEB6B93005E4207 /* Traveliqy.app */,
				5796E31C1EEB6B94005E4207 /* BradleyTests.xctest */,
				5796E3271EEB6B95005E4207 /* BradleyUITests.xctest */,
			);
			name = Products;
			sourceTree = "<group>";
		};
		5796E30A1EEB6B93005E4207 /* Bradley */ = {
			isa = PBXGroup;
			children = (
				5796E30B1EEB6B93005E4207 /* AppDelegate.swift */,
				5796E30D1EEB6B93005E4207 /* ViewController.swift */,
				5796E33B1EEB6CE9005E4207 /* BradleyVC.swift */,
				57166E4E1EEBF6E8005B9803 /* DirtyVC.swift */,
				57166E521EED4B6B005B9803 /* ComVC.swift */,
				57166E561EEE84C3005B9803 /* ProfileVC.swift */,
				57166E5A1EEF014E005B9803 /* AddVC.swift */,
				5796E3391EEB6CA0005E4207 /* ExtraBradleys.swift */,
				5796E33D1EEB76C2005E4207 /* CellBrad.swift */,
				57166E501EEBFD21005B9803 /* DCEll.swift */,
				57166E541EED4DB0005B9803 /* ComCell.swift */,
				57166E581EEEBFA9005B9803 /* CollCell.swift */,
				5796E30F1EEB6B94005E4207 /* Main.storyboard */,
				5796E3121EEB6B94005E4207 /* Assets.xcassets */,
				5796E3141EEB6B94005E4207 /* LaunchScreen.storyboard */,
				5796E3171EEB6B94005E4207 /* Info.plist */,
			);
			path = Bradley;
			sourceTree = "<group>";
		};
		5796E31F1EEB6B95005E4207 /* BradleyTests */ = {
			isa = PBXGroup;
			children = (
				5796E3201EEB6B95005E4207 /* BradleyTests.swift */,
				5796E3221EEB6B95005E4207 /* Info.plist */,
			);
			path = BradleyTests;
			sourceTree = "<group>";
		};
		5796E32A1EEB6B95005E4207 /* BradleyUITests */ = {
			isa = PBXGroup;
			children = (
				5796E32B1EEB6B95005E4207 /* BradleyUITests.swift */,
				5796E32D1EEB6B95005E4207 /* Info.plist */,
			);
			path = BradleyUITests;
			sourceTree = "<group>";
		};
		5B4933853BBE73EF573EB815 /* Pods */ = {
			isa = PBXGroup;
			children = (
				EF577201A776DEA99AF5A611 /* Pods-Bradley.debug.xcconfig */,
				AF1A10AEBF2D7EE18AB1BFDD /* Pods-Bradley.release.xcconfig */,
				11E36FE4211FF67136894964 /* Pods-BradleyTests.debug.xcconfig */,
				51539A056995F6859FC6F5B9 /* Pods-BradleyTests.release.xcconfig */,
				6500B5E756CBB015CA6726B0 /* Pods-BradleyUITests.debug.xcconfig */,
				D230A624EB0A57BEBC4067C6 /* Pods-BradleyUITests.release.xcconfig */,
			);
			name = Pods;
			sourceTree = "<group>";
		};
		FD8162FF346A9FA381B0BD0A /* Frameworks */ = {
			isa = PBXGroup;
			children = (
				48A49C7A6EA48FD70B9A79C2 /* Pods_Bradley.framework */,
				E62BBA7A71795005DCE17D02 /* Pods_BradleyTests.framework */,
				C330279502017E122EAD3738 /* Pods_BradleyUITests.framework */,
			);
			name = Frameworks;
			sourceTree = "<group>";
		};
/* End PBXGroup section */

/* Begin PBXNativeTarget section */
		5796E3071EEB6B93005E4207 /* Bradley */ = {
			isa = PBXNativeTarget;
			buildConfigurationList = 5796E3301EEB6B95005E4207 /* Build configuration list for PBXNativeTarget "Bradley" */;
			buildPhases = (
				F86A3B50A173E82B7A9E5A3E /* [CP] Check Pods Manifest.lock */,
				5796E3041EEB6B93005E4207 /* Sources */,
				5796E3051EEB6B93005E4207 /* Frameworks */,
				5796E3061EEB6B93005E4207 /* Resources */,
				B173A48C4ECE638E85417CB4 /* [CP] Embed Pods Frameworks */,
				1692EF227E59E7033709EAF1 /* [CP] Copy Pods Resources */,
			);
			buildRules = (
			);
			dependencies = (
			);
			name = Bradley;
			productName = Bradley;
			productReference = 5796E3081EEB6B93005E4207 /* Traveliqy.app */;
			productType = "com.apple.product-type.application";
		};
		5796E31B1EEB6B94005E4207 /* BradleyTests */ = {
			isa = PBXNativeTarget;
			buildConfigurationList = 5796E3331EEB6B95005E4207 /* Build configuration list for PBXNativeTarget "BradleyTests" */;
			buildPhases = (
				E0C41C5AD0D635371F2D77E1 /* [CP] Check Pods Manifest.lock */,
				5796E3181EEB6B94005E4207 /* Sources */,
				5796E3191EEB6B94005E4207 /* Frameworks */,
				5796E31A1EEB6B94005E4207 /* Resources */,
				355A8885D5F60508D1DBF45B /* [CP] Embed Pods Frameworks */,
				AE7AEE35E6CCE2093D5BA7AA /* [CP] Copy Pods Resources */,
			);
			buildRules = (
			);
			dependencies = (
				5796E31E1EEB6B95005E4207 /* PBXTargetDependency */,
			);
			name = BradleyTests;
			productName = BradleyTests;
			productReference = 5796E31C1EEB6B94005E4207 /* BradleyTests.xctest */;
			productType = "com.apple.product-type.bundle.unit-test";
		};
		5796E3261EEB6B95005E4207 /* BradleyUITests */ = {
			isa = PBXNativeTarget;
			buildConfigurationList = 5796E3361EEB6B95005E4207 /* Build configuration list for PBXNativeTarget "BradleyUITests" */;
			buildPhases = (
				425ECB99FC5E794B1E37504B /* [CP] Check Pods Manifest.lock */,
				5796E3231EEB6B95005E4207 /* Sources */,
				5796E3241EEB6B95005E4207 /* Frameworks */,
				5796E3251EEB6B95005E4207 /* Resources */,
				481DCBA2B83063F7BA87A505 /* [CP] Embed Pods Frameworks */,
				D030E6B7EBC6CA771F46C233 /* [CP] Copy Pods Resources */,
			);
			buildRules = (
			);
			dependencies = (
				5796E3291EEB6B95005E4207 /* PBXTargetDependency */,
			);
			name = BradleyUITests;
			productName = BradleyUITests;
			productReference = 5796E3271EEB6B95005E4207 /* BradleyUITests.xctest */;
			productType = "com.apple.product-type.bundle.ui-testing";
		};
/* End PBXNativeTarget section */

/* Begin PBXProject section */
		5796E3001EEB6B93005E4207 /* Project object */ = {
			isa = PBXProject;
			attributes = {
				LastSwiftUpdateCheck = 0830;
				LastUpgradeCheck = 0830;
				ORGANIZATIONNAME = "Samuel Kudadji";
				TargetAttributes = {
					5796E3071EEB6B93005E4207 = {
						CreatedOnToolsVersion = 8.3.2;
						DevelopmentTeam = 2TZS78LJ9K;
						ProvisioningStyle = Automatic;
					};
					5796E31B1EEB6B94005E4207 = {
						CreatedOnToolsVersion = 8.3.2;
						DevelopmentTeam = 2TZS78LJ9K;
						ProvisioningStyle = Automatic;
						TestTargetID = 5796E3071EEB6B93005E4207;
					};
					5796E3261EEB6B95005E4207 = {
						CreatedOnToolsVersion = 8.3.2;
						DevelopmentTeam = 2TZS78LJ9K;
						ProvisioningStyle = Automatic;
						TestTargetID = 5796E3071EEB6B93005E4207;
					};
				};
			};
			buildConfigurationList = 5796E3031EEB6B93005E4207 /* Build configuration list for PBXProject "Bradley" */;
			compatibilityVersion = "Xcode 3.2";
			developmentRegion = English;
			hasScannedForEncodings = 0;
			knownRegions = (
				en,
				Base,
			);
			mainGroup = 5796E2FF1EEB6B92005E4207;
			productRefGroup = 5796E3091EEB6B93005E4207 /* Products */;
			projectDirPath = "";
			projectRoot = "";
			targets = (
				5796E3071EEB6B93005E4207 /* Bradley */,
				5796E31B1EEB6B94005E4207 /* BradleyTests */,
				5796E3261EEB6B95005E4207 /* BradleyUITests */,
			);
		};
/* End PBXProject section */

/* Begin PBXResourcesBuildPhase section */
		5796E3061EEB6B93005E4207 /* Resources */ = {
			isa = PBXResourcesBuildPhase;
			buildActionMask = 2147483647;
			files = (
				5796E3161EEB6B94005E4207 /* LaunchScreen.storyboard in Resources */,
				5796E3131EEB6B94005E4207 /* Assets.xcassets in Resources */,
				5796E3111EEB6B94005E4207 /* Main.storyboard in Resources */,
			);
			runOnlyForDeploymentPostprocessing = 0;
		};
		5796E31A1EEB6B94005E4207 /* Resources */ = {
			isa = PBXResourcesBuildPhase;
			buildActionMask = 2147483647;
			files = (
			);
			runOnlyForDeploymentPostprocessing = 0;
		};
		5796E3251EEB6B95005E4207 /* Resources */ = {
			isa = PBXResourcesBuildPhase;
			buildActionMask = 2147483647;
			files = (
			);
			runOnlyForDeploymentPostprocessing = 0;
		};
/* End PBXResourcesBuildPhase section */

/* Begin PBXShellScriptBuildPhase section */
		1692EF227E59E7033709EAF1 /* [CP] Copy Pods Resources */ = {
			isa = PBXShellScriptBuildPhase;
			buildActionMask = 2147483647;
			files = (
			);
			inputPaths = (
			);
			name = "[CP] Copy Pods Resources";
			outputPaths = (
			);
			runOnlyForDeploymentPostprocessing = 0;
			shellPath = /bin/sh;
			shellScript = "\"${SRCROOT}/Pods/Target Support Files/Pods-Bradley/Pods-Bradley-resources.sh\"\n";
			showEnvVarsInLog = 0;
		};
		355A8885D5F60508D1DBF45B /* [CP] Embed Pods Frameworks */ = {
			isa = PBXShellScriptBuildPhase;
			buildActionMask = 2147483647;
			files = (
			);
			inputPaths = (
			);
			name = "[CP] Embed Pods Frameworks";
			outputPaths = (
			);
			runOnlyForDeploymentPostprocessing = 0;
			shellPath = /bin/sh;
			shellScript = "\"${SRCROOT}/Pods/Target Support Files/Pods-BradleyTests/Pods-BradleyTests-frameworks.sh\"\n";
			showEnvVarsInLog = 0;
		};
		425ECB99FC5E794B1E37504B /* [CP] Check Pods Manifest.lock */ = {
			isa = PBXShellScriptBuildPhase;
			buildActionMask = 2147483647;
			files = (
			);
			inputPaths = (
			);
			name = "[CP] Check Pods Manifest.lock";
			outputPaths = (
			);
			runOnlyForDeploymentPostprocessing = 0;
			shellPath = /bin/sh;
			shellScript = "diff \"${PODS_PODFILE_DIR_PATH}/Podfile.lock\" \"${PODS_ROOT}/Manifest.lock\" > /dev/null\nif [ $? != 0 ] ; then\n    # print error to STDERR\n    echo \"error: The sandbox is not in sync with the Podfile.lock. Run 'pod install' or update your CocoaPods installation.\" >&2\n    exit 1\nfi\n";
			showEnvVarsInLog = 0;
		};
		481DCBA2B83063F7BA87A505 /* [CP] Embed Pods Frameworks */ = {
			isa = PBXShellScriptBuildPhase;
			buildActionMask = 2147483647;
			files = (
			);
			inputPaths = (
			);
			name = "[CP] Embed Pods Frameworks";
			outputPaths = (
			);
			runOnlyForDeploymentPostprocessing = 0;
			shellPath = /bin/sh;
			shellScript = "\"${SRCROOT}/Pods/Target Support Files/Pods-BradleyUITests/Pods-BradleyUITests-frameworks.sh\"\n";
			showEnvVarsInLog = 0;
		};
		AE7AEE35E6CCE2093D5BA7AA /* [CP] Copy Pods Resources */ = {
			isa = PBXShellScriptBuildPhase;
			buildActionMask = 2147483647;
			files = (
			);
			inputPaths = (
			);
			name = "[CP] Copy Pods Resources";
			outputPaths = (
			);
			runOnlyForDeploymentPostprocessing = 0;
			shellPath = /bin/sh;
			shellScript = "\"${SRCROOT}/Pods/Target Support Files/Pods-BradleyTests/Pods-BradleyTests-resources.sh\"\n";
			showEnvVarsInLog = 0;
		};
		B173A48C4ECE638E85417CB4 /* [CP] Embed Pods Frameworks */ = {
			isa = PBXShellScriptBuildPhase;
			buildActionMask = 2147483647;
			files = (
			);
			inputPaths = (
			);
			name = "[CP] Embed Pods Frameworks";
			outputPaths = (
			);
			runOnlyForDeploymentPostprocessing = 0;
			shellPath = /bin/sh;
			shellScript = "\"${SRCROOT}/Pods/Target Support Files/Pods-Bradley/Pods-Bradley-frameworks.sh\"\n";
			showEnvVarsInLog = 0;
		};
		D030E6B7EBC6CA771F46C233 /* [CP] Copy Pods Resources */ = {
			isa = PBXShellScriptBuildPhase;
			buildActionMask = 2147483647;
			files = (
			);
			inputPaths = (
			);
			name = "[CP] Copy Pods Resources";
			outputPaths = (
			);
			runOnlyForDeploymentPostprocessing = 0;
			shellPath = /bin/sh;
			shellScript = "\"${SRCROOT}/Pods/Target Support Files/Pods-BradleyUITests/Pods-BradleyUITests-resources.sh\"\n";
			showEnvVarsInLog = 0;
		};
		E0C41C5AD0D635371F2D77E1 /* [CP] Check Pods Manifest.lock */ = {
			isa = PBXShellScriptBuildPhase;
			buildActionMask = 2147483647;
			files = (
			);
			inputPaths = (
			);
			name = "[CP] Check Pods Manifest.lock";
			outputPaths = (
			);
			runOnlyForDeploymentPostprocessing = 0;
			shellPath = /bin/sh;
			shellScript = "diff \"${PODS_PODFILE_DIR_PATH}/Podfile.lock\" \"${PODS_ROOT}/Manifest.lock\" > /dev/null\nif [ $? != 0 ] ; then\n    # print error to STDERR\n    echo \"error: The sandbox is not in sync with the Podfile.lock. Run 'pod install' or update your CocoaPods installation.\" >&2\n    exit 1\nfi\n";
			showEnvVarsInLog = 0;
		};
		F86A3B50A173E82B7A9E5A3E /* [CP] Check Pods Manifest.lock */ = {
			isa = PBXShellScriptBuildPhase;
			buildActionMask = 2147483647;
			files = (
			);
			inputPaths = (
			);
			name = "[CP] Check Pods Manifest.lock";
			outputPaths = (
			);
			runOnlyForDeploymentPostprocessing = 0;
			shellPath = /bin/sh;
			shellScript = "diff \"${PODS_PODFILE_DIR_PATH}/Podfile.lock\" \"${PODS_ROOT}/Manifest.lock\" > /dev/null\nif [ $? != 0 ] ; then\n    # print error to STDERR\n    echo \"error: The sandbox is not in sync with the Podfile.lock. Run 'pod install' or update your CocoaPods installation.\" >&2\n    exit 1\nfi\n";
			showEnvVarsInLog = 0;
		};
/* End PBXShellScriptBuildPhase section */

/* Begin PBXSourcesBuildPhase section */
		5796E3041EEB6B93005E4207 /* Sources */ = {
			isa = PBXSourcesBuildPhase;
			buildActionMask = 2147483647;
			files = (
				57166E5B1EEF014E005B9803 /* AddVC.swift in Sources */,
				57166E571EEE84C3005B9803 /* ProfileVC.swift in Sources */,
				5796E30E1EEB6B93005E4207 /* ViewController.swift in Sources */,
				57166E591EEEBFA9005B9803 /* CollCell.swift in Sources */,
				57166E551EED4DB0005B9803 /* ComCell.swift in Sources */,
				5796E33E1EEB76C2005E4207 /* CellBrad.swift in Sources */,
				5796E33A1EEB6CA1005E4207 /* ExtraBradleys.swift in Sources */,
				57166E4F1EEBF6E9005B9803 /* DirtyVC.swift in Sources */,
				5796E33C1EEB6CE9005E4207 /* BradleyVC.swift in Sources */,
				57166E511EEBFD21005B9803 /* DCEll.swift in Sources */,
				57166E531EED4B6B005B9803 /* ComVC.swift in Sources */,
				5796E30C1EEB6B93005E4207 /* AppDelegate.swift in Sources */,
			);
			runOnlyForDeploymentPostprocessing = 0;
		};
		5796E3181EEB6B94005E4207 /* Sources */ = {
			isa = PBXSourcesBuildPhase;
			buildActionMask = 2147483647;
			files = (
				5796E3211EEB6B95005E4207 /* BradleyTests.swift in Sources */,
			);
			runOnlyForDeploymentPostprocessing = 0;
		};
		5796E3231EEB6B95005E4207 /* Sources */ = {
			isa = PBXSourcesBuildPhase;
			buildActionMask = 2147483647;
			files = (
				5796E32C1EEB6B95005E4207 /* BradleyUITests.swift in Sources */,
			);
			runOnlyForDeploymentPostprocessing = 0;
		};
/* End PBXSourcesBuildPhase section */

/* Begin PBXTargetDependency section */
		5796E31E1EEB6B95005E4207 /* PBXTargetDependency */ = {
			isa = PBXTargetDependency;
			target = 5796E3071EEB6B93005E4207 /* Bradley */;
			targetProxy = 5796E31D1EEB6B95005E4207 /* PBXContainerItemProxy */;
		};
		5796E3291EEB6B95005E4207 /* PBXTargetDependency */ = {
			isa = PBXTargetDependency;
			target = 5796E3071EEB6B93005E4207 /* Bradley */;
			targetProxy = 5796E3281EEB6B95005E4207 /* PBXContainerItemProxy */;
		};
/* End PBXTargetDependency section */

/* Begin PBXVariantGroup section */
		5796E30F1EEB6B94005E4207 /* Main.storyboard */ = {
			isa = PBXVariantGroup;
			children = (
				5796E3101EEB6B94005E4207 /* Base */,
			);
			name = Main.storyboard;
			sourceTree = "<group>";
		};
		5796E3141EEB6B94005E4207 /* LaunchScreen.storyboard */ = {
			isa = PBXVariantGroup;
			children = (
				5796E3151EEB6B94005E4207 /* Base */,
			);
			name = LaunchScreen.storyboard;
			sourceTree = "<group>";
		};
/* End PBXVariantGroup section */

/* Begin XCBuildConfiguration section */
		5796E32E1EEB6B95005E4207 /* Debug */ = {
			isa = XCBuildConfiguration;
			buildSettings = {
				ALWAYS_SEARCH_USER_PATHS = NO;
				CLANG_ANALYZER_NONNULL = YES;
				CLANG_ANALYZER_NUMBER_OBJECT_CONVERSION = YES_AGGRESSIVE;
				CLANG_CXX_LANGUAGE_STANDARD = "gnu++0x";
				CLANG_CXX_LIBRARY = "libc++";
				CLANG_ENABLE_MODULES = YES;
				CLANG_ENABLE_OBJC_ARC = YES;
				CLANG_WARN_BOOL_CONVERSION = YES;
				CLANG_WARN_CONSTANT_CONVERSION = YES;
				CLANG_WARN_DIRECT_OBJC_ISA_USAGE = YES_ERROR;
				CLANG_WARN_DOCUMENTATION_COMMENTS = YES;
				CLANG_WARN_EMPTY_BODY = YES;
				CLANG_WARN_ENUM_CONVERSION = YES;
				CLANG_WARN_INFINITE_RECURSION = YES;
				CLANG_WARN_INT_CONVERSION = YES;
				CLANG_WARN_OBJC_ROOT_CLASS = YES_ERROR;
				CLANG_WARN_SUSPICIOUS_MOVE = YES;
				CLANG_WARN_UNREACHABLE_CODE = YES;
				CLANG_WARN__DUPLICATE_METHOD_MATCH = YES;
				"CODE_SIGN_IDENTITY[sdk=iphoneos*]" = "iPhone Developer";
				COPY_PHASE_STRIP = NO;
				DEBUG_INFORMATION_FORMAT = dwarf;
				ENABLE_STRICT_OBJC_MSGSEND = YES;
				ENABLE_TESTABILITY = YES;
				GCC_C_LANGUAGE_STANDARD = gnu99;
				GCC_DYNAMIC_NO_PIC = NO;
				GCC_NO_COMMON_BLOCKS = YES;
				GCC_OPTIMIZATION_LEVEL = 0;
				GCC_PREPROCESSOR_DEFINITIONS = (
					"DEBUG=1",
					"$(inherited)",
				);
				GCC_WARN_64_TO_32_BIT_CONVERSION = YES;
				GCC_WARN_ABOUT_RETURN_TYPE = YES_ERROR;
				GCC_WARN_UNDECLARED_SELECTOR = YES;
				GCC_WARN_UNINITIALIZED_AUTOS = YES_AGGRESSIVE;
				GCC_WARN_UNUSED_FUNCTION = YES;
				GCC_WARN_UNUSED_VARIABLE = YES;
				IPHONEOS_DEPLOYMENT_TARGET = 10.3;
				MTL_ENABLE_DEBUG_INFO = YES;
				ONLY_ACTIVE_ARCH = YES;
				SDKROOT = iphoneos;
				SWIFT_ACTIVE_COMPILATION_CONDITIONS = DEBUG;
				SWIFT_OPTIMIZATION_LEVEL = "-Onone";
				TARGETED_DEVICE_FAMILY = "1,2";
			};
			name = Debug;
		};
		5796E32F1EEB6B95005E4207 /* Release */ = {
			isa = XCBuildConfiguration;
			buildSettings = {
				ALWAYS_SEARCH_USER_PATHS = NO;
				CLANG_ANALYZER_NONNULL = YES;
				CLANG_ANALYZER_NUMBER_OBJECT_CONVERSION = YES_AGGRESSIVE;
				CLANG_CXX_LANGUAGE_STANDARD = "gnu++0x";
				CLANG_CXX_LIBRARY = "libc++";
				CLANG_ENABLE_MODULES = YES;
				CLANG_ENABLE_OBJC_ARC = YES;
				CLANG_WARN_BOOL_CONVERSION = YES;
				CLANG_WARN_CONSTANT_CONVERSION = YES;
				CLANG_WARN_DIRECT_OBJC_ISA_USAGE = YES_ERROR;
				CLANG_WARN_DOCUMENTATION_COMMENTS = YES;
				CLANG_WARN_EMPTY_BODY = YES;
				CLANG_WARN_ENUM_CONVERSION = YES;
				CLANG_WARN_INFINITE_RECURSION = YES;
				CLANG_WARN_INT_CONVERSION = YES;
				CLANG_WARN_OBJC_ROOT_CLASS = YES_ERROR;
				CLANG_WARN_SUSPICIOUS_MOVE = YES;
				CLANG_WARN_UNREACHABLE_CODE = YES;
				CLANG_WARN__DUPLICATE_METHOD_MATCH = YES;
				"CODE_SIGN_IDENTITY[sdk=iphoneos*]" = "iPhone Developer";
				COPY_PHASE_STRIP = NO;
				DEBUG_INFORMATION_FORMAT = "dwarf-with-dsym";
				ENABLE_NS_ASSERTIONS = NO;
				ENABLE_STRICT_OBJC_MSGSEND = YES;
				GCC_C_LANGUAGE_STANDARD = gnu99;
				GCC_NO_COMMON_BLOCKS = YES;
				GCC_WARN_64_TO_32_BIT_CONVERSION = YES;
				GCC_WARN_ABOUT_RETURN_TYPE = YES_ERROR;
				GCC_WARN_UNDECLARED_SELECTOR = YES;
				GCC_WARN_UNINITIALIZED_AUTOS = YES_AGGRESSIVE;
				GCC_WARN_UNUSED_FUNCTION = YES;
				GCC_WARN_UNUSED_VARIABLE = YES;
				IPHONEOS_DEPLOYMENT_TARGET = 10.3;
				MTL_ENABLE_DEBUG_INFO = NO;
				SDKROOT = iphoneos;
				SWIFT_OPTIMIZATION_LEVEL = "-Owholemodule";
				TARGETED_DEVICE_FAMILY = "1,2";
				VALIDATE_PRODUCT = YES;
			};
			name = Release;
		};
		5796E3311EEB6B95005E4207 /* Debug */ = {
			isa = XCBuildConfiguration;
			baseConfigurationReference = EF577201A776DEA99AF5A611 /* Pods-Bradley.debug.xcconfig */;
			buildSettings = {
				ASSETCATALOG_COMPILER_APPICON_NAME = AppIcon;
				DEVELOPMENT_TEAM = 2TZS78LJ9K;
				INFOPLIST_FILE = Bradley/Info.plist;
				LD_RUNPATH_SEARCH_PATHS = "$(inherited) @executable_path/Frameworks";
				PRODUCT_BUNDLE_IDENTIFIER = com.notappenin.Bradley;
				PRODUCT_NAME = Traveliqy;
				SWIFT_VERSION = 3.0;
			};
			name = Debug;
		};
		5796E3321EEB6B95005E4207 /* Release */ = {
			isa = XCBuildConfiguration;
			baseConfigurationReference = AF1A10AEBF2D7EE18AB1BFDD /* Pods-Bradley.release.xcconfig */;
			buildSettings = {
				ASSETCATALOG_COMPILER_APPICON_NAME = AppIcon;
				DEVELOPMENT_TEAM = 2TZS78LJ9K;
				INFOPLIST_FILE = Bradley/Info.plist;
				LD_RUNPATH_SEARCH_PATHS = "$(inherited) @executable_path/Frameworks";
				PRODUCT_BUNDLE_IDENTIFIER = com.notappenin.Bradley;
				PRODUCT_NAME = Traveliqy;
				SWIFT_VERSION = 3.0;
			};
			name = Release;
		};
		5796E3341EEB6B95005E4207 /* Debug */ = {
			isa = XCBuildConfiguration;
			baseConfigurationReference = 11E36FE4211FF67136894964 /* Pods-BradleyTests.debug.xcconfig */;
			buildSettings = {
				ALWAYS_EMBED_SWIFT_STANDARD_LIBRARIES = YES;
				BUNDLE_LOADER = "$(TEST_HOST)";
				DEVELOPMENT_TEAM = 2TZS78LJ9K;
				INFOPLIST_FILE = BradleyTests/Info.plist;
				LD_RUNPATH_SEARCH_PATHS = "$(inherited) @executable_path/Frameworks @loader_path/Frameworks";
				PRODUCT_BUNDLE_IDENTIFIER = com.notappenin.BradleyTests;
				PRODUCT_NAME = "$(TARGET_NAME)";
				SWIFT_VERSION = 3.0;
				TEST_HOST = "$(BUILT_PRODUCTS_DIR)/Bradley.app/Bradley";
			};
			name = Debug;
		};
		5796E3351EEB6B95005E4207 /* Release */ = {
			isa = XCBuildConfiguration;
			baseConfigurationReference = 51539A056995F6859FC6F5B9 /* Pods-BradleyTests.release.xcconfig */;
			buildSettings = {
				ALWAYS_EMBED_SWIFT_STANDARD_LIBRARIES = YES;
				BUNDLE_LOADER = "$(TEST_HOST)";
				DEVELOPMENT_TEAM = 2TZS78LJ9K;
				INFOPLIST_FILE = BradleyTests/Info.plist;
				LD_RUNPATH_SEARCH_PATHS = "$(inherited) @executable_path/Frameworks @loader_path/Frameworks";
				PRODUCT_BUNDLE_IDENTIFIER = com.notappenin.BradleyTests;
				PRODUCT_NAME = "$(TARGET_NAME)";
				SWIFT_VERSION = 3.0;
				TEST_HOST = "$(BUILT_PRODUCTS_DIR)/Bradley.app/Bradley";
			};
			name = Release;
		};
		5796E3371EEB6B95005E4207 /* Debug */ = {
			isa = XCBuildConfiguration;
			baseConfigurationReference = 6500B5E756CBB015CA6726B0 /* Pods-BradleyUITests.debug.xcconfig */;
			buildSettings = {
				ALWAYS_EMBED_SWIFT_STANDARD_LIBRARIES = YES;
				DEVELOPMENT_TEAM = 2TZS78LJ9K;
				INFOPLIST_FILE = BradleyUITests/Info.plist;
				LD_RUNPATH_SEARCH_PATHS = "$(inherited) @executable_path/Frameworks @loader_path/Frameworks";
				PRODUCT_BUNDLE_IDENTIFIER = com.notappenin.BradleyUITests;
				PRODUCT_NAME = "$(TARGET_NAME)";
				SWIFT_VERSION = 3.0;
				TEST_TARGET_NAME = Bradley;
			};
			name = Debug;
		};
		5796E3381EEB6B95005E4207 /* Release */ = {
			isa = XCBuildConfiguration;
			baseConfigurationReference = D230A624EB0A57BEBC4067C6 /* Pods-BradleyUITests.release.xcconfig */;
			buildSettings = {
				ALWAYS_EMBED_SWIFT_STANDARD_LIBRARIES = YES;
				DEVELOPMENT_TEAM = 2TZS78LJ9K;
				INFOPLIST_FILE = BradleyUITests/Info.plist;
				LD_RUNPATH_SEARCH_PATHS = "$(inherited) @executable_path/Frameworks @loader_path/Frameworks";
				PRODUCT_BUNDLE_IDENTIFIER = com.notappenin.BradleyUITests;
				PRODUCT_NAME = "$(TARGET_NAME)";
				SWIFT_VERSION = 3.0;
				TEST_TARGET_NAME = Bradley;
			};
			name = Release;
		};
/* End XCBuildConfiguration section */

/* Begin XCConfigurationList section */
		5796E3031EEB6B93005E4207 /* Build configuration list for PBXProject "Bradley" */ = {
			isa = XCConfigurationList;
			buildConfigurations = (
				5796E32E1EEB6B95005E4207 /* Debug */,
				5796E32F1EEB6B95005E4207 /* Release */,
			);
			defaultConfigurationIsVisible = 0;
			defaultConfigurationName = Release;
		};
		5796E3301EEB6B95005E4207 /* Build configuration list for PBXNativeTarget "Bradley" */ = {
			isa = XCConfigurationList;
			buildConfigurations = (
				5796E3311EEB6B95005E4207 /* Debug */,
				5796E3321EEB6B95005E4207 /* Release */,
			);
			defaultConfigurationIsVisible = 0;
			defaultConfigurationName = Release;
		};
		5796E3331EEB6B95005E4207 /* Build configuration list for PBXNativeTarget "BradleyTests" */ = {
			isa = XCConfigurationList;
			buildConfigurations = (
				5796E3341EEB6B95005E4207 /* Debug */,
				5796E3351EEB6B95005E4207 /* Release */,
			);
			defaultConfigurationIsVisible = 0;
			defaultConfigurationName = Release;
		};
		5796E3361EEB6B95005E4207 /* Build configuration list for PBXNativeTarget "BradleyUITests" */ = {
			isa = XCConfigurationList;
			buildConfigurations = (
				5796E3371EEB6B95005E4207 /* Debug */,
				5796E3381EEB6B95005E4207 /* Release */,
			);
			defaultConfigurationIsVisible = 0;
			defaultConfigurationName = Release;
		};
/* End XCConfigurationList section */
	};
	rootObject = 5796E3001EEB6B93005E4207 /* Project object */;
}
